
Microsoft Visual Studio Solution File, Format Version 12.00
# Visual Studio Version 17
VisualStudioVersion = 17.0.31903.59
MinimumVisualStudioVersion = 10.0.40219.1
Project("{FAE04EC0-301F-11D3-BF4B-00C04F79EFBC}") = "Api", "Api\Api.csproj", "{B7F09F40-6C93-4D5C-B118-EE6176DAF6E7}"
EndProject
Project("{FAE04EC0-301F-11D3-BF4B-00C04F79EFBC}") = "Domain", "Domain\Domain.csproj", "{5C9BDF3D-79A0-46B4-9C94-49EB6FE5E144}"
EndProject
Project("{2150E333-8FDC-42A3-9474-1A3956D46DE8}") = "Solution Items", "Solution Items", "{3A6F2608-4FF4-4F31-88A7-4105F56F4C09}"
	ProjectSection(SolutionItems) = preProject
		.editorconfig = .editorconfig
		Directory.Build.props = Directory.Build.props
		docker-compose.yml = docker-compose.yml
	EndProjectSection
EndProject
Project("{FAE04EC0-301F-11D3-BF4B-00C04F79EFBC}") = "Processor", "Processor\Processor.csproj", "{B5495CD0-1F66-4AA5-B468-65ABADC5EF7B}"
EndProject
Project("{FAE04EC0-301F-11D3-BF4B-00C04F79EFBC}") = "External", "External\External.csproj", "{EC0EE7BE-9FEB-494E-9C26-FBF1003DA015}"
EndProject
Project("{FAE04EC0-301F-11D3-BF4B-00C04F79EFBC}") = "Console", "Console\Console.csproj", "{C1835E04-91E8-4C22-AE19-8600AA8ECA27}"
EndProject
Global
	GlobalSection(SolutionConfigurationPlatforms) = preSolution
		Debug|Any CPU = Debug|Any CPU
		Debug|x64 = Debug|x64
		Debug|x86 = Debug|x86
		Release|Any CPU = Release|Any CPU
		Release|x64 = Release|x64
		Release|x86 = Release|x86
	EndGlobalSection
	GlobalSection(ProjectConfigurationPlatforms) = postSolution
		{B7F09F40-6C93-4D5C-B118-EE6176DAF6E7}.Debug|Any CPU.ActiveCfg = Debug|Any CPU
		{B7F09F40-6C93-4D5C-B118-EE6176DAF6E7}.Debug|Any CPU.Build.0 = Debug|Any CPU
		{B7F09F40-6C93-4D5C-B118-EE6176DAF6E7}.Debug|x64.ActiveCfg = Debug|Any CPU
		{B7F09F40-6C93-4D5C-B118-EE6176DAF6E7}.Debug|x64.Build.0 = Debug|Any CPU
		{B7F09F40-6C93-4D5C-B118-EE6176DAF6E7}.Debug|x86.ActiveCfg = Debug|Any CPU
		{B7F09F40-6C93-4D5C-B118-EE6176DAF6E7}.Debug|x86.Build.0 = Debug|Any CPU
		{B7F09F40-6C93-4D5C-B118-EE6176DAF6E7}.Release|Any CPU.ActiveCfg = Release|Any CPU
		{B7F09F40-6C93-4D5C-B118-EE6176DAF6E7}.Release|Any CPU.Build.0 = Release|Any CPU
		{B7F09F40-6C93-4D5C-B118-EE6176DAF6E7}.Release|x64.ActiveCfg = Release|Any CPU
		{B7F09F40-6C93-4D5C-B118-EE6176DAF6E7}.Release|x64.Build.0 = Release|Any CPU
		{B7F09F40-6C93-4D5C-B118-EE6176DAF6E7}.Release|x86.ActiveCfg = Release|Any CPU
		{B7F09F40-6C93-4D5C-B118-EE6176DAF6E7}.Release|x86.Build.0 = Release|Any CPU
		{5C9BDF3D-79A0-46B4-9C94-49EB6FE5E144}.Debug|Any CPU.ActiveCfg = Debug|Any CPU
		{5C9BDF3D-79A0-46B4-9C94-49EB6FE5E144}.Debug|Any CPU.Build.0 = Debug|Any CPU
		{5C9BDF3D-79A0-46B4-9C94-49EB6FE5E144}.Debug|x64.ActiveCfg = Debug|Any CPU
		{5C9BDF3D-79A0-46B4-9C94-49EB6FE5E144}.Debug|x64.Build.0 = Debug|Any CPU
		{5C9BDF3D-79A0-46B4-9C94-49EB6FE5E144}.Debug|x86.ActiveCfg = Debug|Any CPU
		{5C9BDF3D-79A0-46B4-9C94-49EB6FE5E144}.Debug|x86.Build.0 = Debug|Any CPU
		{5C9BDF3D-79A0-46B4-9C94-49EB6FE5E144}.Release|Any CPU.ActiveCfg = Release|Any CPU
		{5C9BDF3D-79A0-46B4-9C94-49EB6FE5E144}.Release|Any CPU.Build.0 = Release|Any CPU
		{5C9BDF3D-79A0-46B4-9C94-49EB6FE5E144}.Release|x64.ActiveCfg = Release|Any CPU
		{5C9BDF3D-79A0-46B4-9C94-49EB6FE5E144}.Release|x64.Build.0 = Release|Any CPU
		{5C9BDF3D-79A0-46B4-9C94-49EB6FE5E144}.Release|x86.ActiveCfg = Release|Any CPU
		{5C9BDF3D-79A0-46B4-9C94-49EB6FE5E144}.Release|x86.Build.0 = Release|Any CPU
		{B5495CD0-1F66-4AA5-B468-65ABADC5EF7B}.Debug|Any CPU.ActiveCfg = Debug|Any CPU
		{B5495CD0-1F66-4AA5-B468-65ABADC5EF7B}.Debug|Any CPU.Build.0 = Debug|Any CPU
		{B5495CD0-1F66-4AA5-B468-65ABADC5EF7B}.Debug|x64.ActiveCfg = Debug|Any CPU
		{B5495CD0-1F66-4AA5-B468-65ABADC5EF7B}.Debug|x64.Build.0 = Debug|Any CPU
		{B5495CD0-1F66-4AA5-B468-65ABADC5EF7B}.Debug|x86.ActiveCfg = Debug|Any CPU
		{B5495CD0-1F66-4AA5-B468-65ABADC5EF7B}.Debug|x86.Build.0 = Debug|Any CPU
		{B5495CD0-1F66-4AA5-B468-65ABADC5EF7B}.Release|Any CPU.ActiveCfg = Release|Any CPU
		{B5495CD0-1F66-4AA5-B468-65ABADC5EF7B}.Release|Any CPU.Build.0 = Release|Any CPU
		{B5495CD0-1F66-4AA5-B468-65ABADC5EF7B}.Release|x64.ActiveCfg = Release|Any CPU
		{B5495CD0-1F66-4AA5-B468-65ABADC5EF7B}.Release|x64.Build.0 = Release|Any CPU
		{B5495CD0-1F66-4AA5-B468-65ABADC5EF7B}.Release|x86.ActiveCfg = Release|Any CPU
		{B5495CD0-1F66-4AA5-B468-65ABADC5EF7B}.Release|x86.Build.0 = Release|Any CPU
		{EC0EE7BE-9FEB-494E-9C26-FBF1003DA015}.Debug|Any CPU.ActiveCfg = Debug|Any CPU
		{EC0EE7BE-9FEB-494E-9C26-FBF1003DA015}.Debug|Any CPU.Build.0 = Debug|Any CPU
		{EC0EE7BE-9FEB-494E-9C26-FBF1003DA015}.Debug|x64.ActiveCfg = Debug|Any CPU
		{EC0EE7BE-9FEB-494E-9C26-FBF1003DA015}.Debug|x64.Build.0 = Debug|Any CPU
		{EC0EE7BE-9FEB-494E-9C26-FBF1003DA015}.Debug|x86.ActiveCfg = Debug|Any CPU
		{EC0EE7BE-9FEB-494E-9C26-FBF1003DA015}.Debug|x86.Build.0 = Debug|Any CPU
		{EC0EE7BE-9FEB-494E-9C26-FBF1003DA015}.Release|Any CPU.ActiveCfg = Release|Any CPU
		{EC0EE7BE-9FEB-494E-9C26-FBF1003DA015}.Release|Any CPU.Build.0 = Release|Any CPU
		{EC0EE7BE-9FEB-494E-9C26-FBF1003DA015}.Release|x64.ActiveCfg = Release|Any CPU
		{EC0EE7BE-9FEB-494E-9C26-FBF1003DA015}.Release|x64.Build.0 = Release|Any CPU
		{EC0EE7BE-9FEB-494E-9C26-FBF1003DA015}.Release|x86.ActiveCfg = Release|Any CPU
		{EC0EE7BE-9FEB-494E-9C26-FBF1003DA015}.Release|x86.Build.0 = Release|Any CPU
		{C1835E04-91E8-4C22-AE19-8600AA8ECA27}.Debug|Any CPU.ActiveCfg = Debug|Any CPU
		{C1835E04-91E8-4C22-AE19-8600AA8ECA27}.Debug|Any CPU.Build.0 = Debug|Any CPU
		{C1835E04-91E8-4C22-AE19-8600AA8ECA27}.Debug|x64.ActiveCfg = Debug|Any CPU
		{C1835E04-91E8-4C22-AE19-8600AA8ECA27}.Debug|x64.Build.0 = Debug|Any CPU
		{C1835E04-91E8-4C22-AE19-8600AA8ECA27}.Debug|x86.ActiveCfg = Debug|Any CPU
		{C1835E04-91E8-4C22-AE19-8600AA8ECA27}.Debug|x86.Build.0 = Debug|Any CPU
		{C1835E04-91E8-4C22-AE19-8600AA8ECA27}.Release|Any CPU.ActiveCfg = Release|Any CPU
		{C1835E04-91E8-4C22-AE19-8600AA8ECA27}.Release|Any CPU.Build.0 = Release|Any CPU
		{C1835E04-91E8-4C22-AE19-8600AA8ECA27}.Release|x64.ActiveCfg = Release|Any CPU
		{C1835E04-91E8-4C22-AE19-8600AA8ECA27}.Release|x64.Build.0 = Release|Any CPU
		{C1835E04-91E8-4C22-AE19-8600AA8ECA27}.Release|x86.ActiveCfg = Release|Any CPU
		{C1835E04-91E8-4C22-AE19-8600AA8ECA27}.Release|x86.Build.0 = Release|Any CPU
	EndGlobalSection
	GlobalSection(SolutionProperties) = preSolution
		HideSolutionNode = FALSE
	EndGlobalSection
EndGlobal
